// !$*UTF8*$!
{
	archiveVersion = 1;
	classes = {
	};
	objectVersion = 55;
	objects = {

/* Begin PBXBuildFile section */
		7233FEF6285B5DDD006BE5F1 /* AppDelegate.swift in Sources */ = {isa = PBXBuildFile; fileRef = 7233FEF5285B5DDD006BE5F1 /* AppDelegate.swift */; };
		7233FEF8285B5DDD006BE5F1 /* SceneDelegate.swift in Sources */ = {isa = PBXBuildFile; fileRef = 7233FEF7285B5DDD006BE5F1 /* SceneDelegate.swift */; };
		7233FEFA285B5DDD006BE5F1 /* MyViewController.swift in Sources */ = {isa = PBXBuildFile; fileRef = 7233FEF9285B5DDD006BE5F1 /* MyViewController.swift */; };
		7233FEFF285B5DDF006BE5F1 /* Assets.xcassets in Resources */ = {isa = PBXBuildFile; fileRef = 7233FEFE285B5DDF006BE5F1 /* Assets.xcassets */; };
		7233FF02285B5DDF006BE5F1 /* LaunchScreen.storyboard in Resources */ = {isa = PBXBuildFile; fileRef = 7233FF00285B5DDF006BE5F1 /* LaunchScreen.storyboard */; };
		7233FF0A285B6230006BE5F1 /* MainTabBarController.swift in Sources */ = {isa = PBXBuildFile; fileRef = 7233FF09285B6230006BE5F1 /* MainTabBarController.swift */; };
		7233FF0C285B6312006BE5F1 /* FAQViewController.swift in Sources */ = {isa = PBXBuildFile; fileRef = 7233FF0B285B6312006BE5F1 /* FAQViewController.swift */; };
		7233FF0E285B6331006BE5F1 /* CautionViewController.swift in Sources */ = {isa = PBXBuildFile; fileRef = 7233FF0D285B6331006BE5F1 /* CautionViewController.swift */; };
		7233FF10285B633C006BE5F1 /* AroundViewController.swift in Sources */ = {isa = PBXBuildFile; fileRef = 7233FF0F285B633C006BE5F1 /* AroundViewController.swift */; };
/* End PBXBuildFile section */

/* Begin PBXFileReference section */
		7233FEF2285B5DDD006BE5F1 /* Klat House.app */ = {isa = PBXFileReference; explicitFileType = wrapper.application; includeInIndex = 0; path = "Klat House.app"; sourceTree = BUILT_PRODUCTS_DIR; };
		7233FEF5285B5DDD006BE5F1 /* AppDelegate.swift */ = {isa = PBXFileReference; lastKnownFileType = sourcecode.swift; path = AppDelegate.swift; sourceTree = "<group>"; };
		7233FEF7285B5DDD006BE5F1 /* SceneDelegate.swift */ = {isa = PBXFileReference; lastKnownFileType = sourcecode.swift; path = SceneDelegate.swift; sourceTree = "<group>"; };
		7233FEF9285B5DDD006BE5F1 /* MyViewController.swift */ = {isa = PBXFileReference; lastKnownFileType = sourcecode.swift; path = MyViewController.swift; sourceTree = "<group>"; };
		7233FEFE285B5DDF006BE5F1 /* Assets.xcassets */ = {isa = PBXFileReference; lastKnownFileType = folder.assetcatalog; path = Assets.xcassets; sourceTree = "<group>"; };
		7233FF01285B5DDF006BE5F1 /* Base */ = {isa = PBXFileReference; lastKnownFileType = file.storyboard; name = Base; path = Base.lproj/LaunchScreen.storyboard; sourceTree = "<group>"; };
		7233FF03285B5DDF006BE5F1 /* Info.plist */ = {isa = PBXFileReference; lastKnownFileType = text.plist.xml; path = Info.plist; sourceTree = "<group>"; };
		7233FF09285B6230006BE5F1 /* MainTabBarController.swift */ = {isa = PBXFileReference; lastKnownFileType = sourcecode.swift; path = MainTabBarController.swift; sourceTree = "<group>"; };
		7233FF0B285B6312006BE5F1 /* FAQViewController.swift */ = {isa = PBXFileReference; lastKnownFileType = sourcecode.swift; path = FAQViewController.swift; sourceTree = "<group>"; };
		7233FF0D285B6331006BE5F1 /* CautionViewController.swift */ = {isa = PBXFileReference; lastKnownFileType = sourcecode.swift; path = CautionViewController.swift; sourceTree = "<group>"; };
		7233FF0F285B633C006BE5F1 /* AroundViewController.swift */ = {isa = PBXFileReference; lastKnownFileType = sourcecode.swift; path = AroundViewController.swift; sourceTree = "<group>"; };
/* End PBXFileReference section */

/* Begin PBXFrameworksBuildPhase section */
		7233FEEF285B5DDD006BE5F1 /* Frameworks */ = {
			isa = PBXFrameworksBuildPhase;
			buildActionMask = 2147483647;
			files = (
			);
			runOnlyForDeploymentPostprocessing = 0;
		};
/* End PBXFrameworksBuildPhase section */

/* Begin PBXGroup section */
		7233FEE9285B5DDD006BE5F1 = {
			isa = PBXGroup;
			children = (
				7233FEF4285B5DDD006BE5F1 /* Klat House */,
				7233FEF3285B5DDD006BE5F1 /* Products */,
			);
			sourceTree = "<group>";
		};
		7233FEF3285B5DDD006BE5F1 /* Products */ = {
			isa = PBXGroup;
			children = (
				7233FEF2285B5DDD006BE5F1 /* Klat House.app */,
			);
			name = Products;
			sourceTree = "<group>";
		};
		7233FEF4285B5DDD006BE5F1 /* Klat House */ = {
			isa = PBXGroup;
			children = (
				7233FEF5285B5DDD006BE5F1 /* AppDelegate.swift */,
				7233FEF7285B5DDD006BE5F1 /* SceneDelegate.swift */,
				7233FF09285B6230006BE5F1 /* MainTabBarController.swift */,
				7233FF11285B641E006BE5F1 /* tabViewController */,
				7233FEFE285B5DDF006BE5F1 /* Assets.xcassets */,
				7233FF00285B5DDF006BE5F1 /* LaunchScreen.storyboard */,
				7233FF03285B5DDF006BE5F1 /* Info.plist */,
			);
			path = "Klat House";
			sourceTree = "<group>";
		};
		7233FF11285B641E006BE5F1 /* tabViewController */ = {
			isa = PBXGroup;
			children = (
				7233FEF9285B5DDD006BE5F1 /* MyViewController.swift */,
				7233FF0B285B6312006BE5F1 /* FAQViewController.swift */,
				7233FF0F285B633C006BE5F1 /* AroundViewController.swift */,
				7233FF0D285B6331006BE5F1 /* CautionViewController.swift */,
			);
			path = tabViewController;
			sourceTree = "<group>";
		};
/* End PBXGroup section */

/* Begin PBXNativeTarget section */
		7233FEF1285B5DDD006BE5F1 /* Klat House */ = {
			isa = PBXNativeTarget;
			buildConfigurationList = 7233FF06285B5DDF006BE5F1 /* Build configuration list for PBXNativeTarget "Klat House" */;
			buildPhases = (
				7233FEEE285B5DDD006BE5F1 /* Sources */,
				7233FEEF285B5DDD006BE5F1 /* Frameworks */,
				7233FEF0285B5DDD006BE5F1 /* Resources */,
			);
			buildRules = (
			);
			dependencies = (
			);
			name = "Klat House";
			productName = "Klat House";
			productReference = 7233FEF2285B5DDD006BE5F1 /* Klat House.app */;
			productType = "com.apple.product-type.application";
		};
/* End PBXNativeTarget section */

/* Begin PBXProject section */
		7233FEEA285B5DDD006BE5F1 /* Project object */ = {
			isa = PBXProject;
			attributes = {
				BuildIndependentTargetsInParallel = 1;
				LastSwiftUpdateCheck = 1340;
				LastUpgradeCheck = 1340;
				TargetAttributes = {
					7233FEF1285B5DDD006BE5F1 = {
						CreatedOnToolsVersion = 13.4.1;
					};
				};
			};
			buildConfigurationList = 7233FEED285B5DDD006BE5F1 /* Build configuration list for PBXProject "Klat House" */;
			compatibilityVersion = "Xcode 13.0";
			developmentRegion = en;
			hasScannedForEncodings = 0;
			knownRegions = (
				en,
				Base,
			);
			mainGroup = 7233FEE9285B5DDD006BE5F1;
			productRefGroup = 7233FEF3285B5DDD006BE5F1 /* Products */;
			projectDirPath = "";
			projectRoot = "";
			targets = (
				7233FEF1285B5DDD006BE5F1 /* Klat House */,
			);
		};
/* End PBXProject section */

/* Begin PBXResourcesBuildPhase section */
		7233FEF0285B5DDD006BE5F1 /* Resources */ = {
			isa = PBXResourcesBuildPhase;
			buildActionMask = 2147483647;
			files = (
				7233FF02285B5DDF006BE5F1 /* LaunchScreen.storyboard in Resources */,
				7233FEFF285B5DDF006BE5F1 /* Assets.xcassets in Resources */,
			);
			runOnlyForDeploymentPostprocessing = 0;
		};
/* End PBXResourcesBuildPhase section */

/* Begin PBXSourcesBuildPhase section */
		7233FEEE285B5DDD006BE5F1 /* Sources */ = {
			isa = PBXSourcesBuildPhase;
			buildActionMask = 2147483647;
			files = (
				7233FF0E285B6331006BE5F1 /* CautionViewController.swift in Sources */,
				7233FF10285B633C006BE5F1 /* AroundViewController.swift in Sources */,
				7233FEFA285B5DDD006BE5F1 /* MyViewController.swift in Sources */,
				7233FEF6285B5DDD006BE5F1 /* AppDelegate.swift in Sources */,
				7233FF0A285B6230006BE5F1 /* MainTabBarController.swift in Sources */,
				7233FF0C285B6312006BE5F1 /* FAQViewController.swift in Sources */,
				7233FEF8285B5DDD006BE5F1 /* SceneDelegate.swift in Sources */,
			);
			runOnlyForDeploymentPostprocessing = 0;
		};
/* End PBXSourcesBuildPhase section */

/* Begin PBXVariantGroup section */
		7233FF00285B5DDF006BE5F1 /* LaunchScreen.storyboard */ = {
			isa = PBXVariantGroup;
			children = (
				7233FF01285B5DDF006BE5F1 /* Base */,
			);
			name = LaunchScreen.storyboard;
			sourceTree = "<group>";
		};
/* End PBXVariantGroup section */

/* Begin XCBuildConfiguration section */
		7233FF04285B5DDF006BE5F1 /* Debug */ = {
			isa = XCBuildConfiguration;
			buildSettings = {
				ALWAYS_SEARCH_USER_PATHS = NO;
				CLANG_ANALYZER_NONNULL = YES;
				CLANG_ANALYZER_NUMBER_OBJECT_CONVERSION = YES_AGGRESSIVE;
				CLANG_CXX_LANGUAGE_STANDARD = "gnu++17";
				CLANG_ENABLE_MODULES = YES;
				CLANG_ENABLE_OBJC_ARC = YES;
				CLANG_ENABLE_OBJC_WEAK = YES;
				CLANG_WARN_BLOCK_CAPTURE_AUTORELEASING = YES;
				CLANG_WARN_BOOL_CONVERSION = YES;
				CLANG_WARN_COMMA = YES;
				CLANG_WARN_CONSTANT_CONVERSION = YES;
				CLANG_WARN_DEPRECATED_OBJC_IMPLEMENTATIONS = YES;
				CLANG_WARN_DIRECT_OBJC_ISA_USAGE = YES_ERROR;
				CLANG_WARN_DOCUMENTATION_COMMENTS = YES;
				CLANG_WARN_EMPTY_BODY = YES;
				CLANG_WARN_ENUM_CONVERSION = YES;
				CLANG_WARN_INFINITE_RECURSION = YES;
				CLANG_WARN_INT_CONVERSION = YES;
				CLANG_WARN_NON_LITERAL_NULL_CONVERSION = YES;
				CLANG_WARN_OBJC_IMPLICIT_RETAIN_SELF = YES;
				CLANG_WARN_OBJC_LITERAL_CONVERSION = YES;
				CLANG_WARN_OBJC_ROOT_CLASS = YES_ERROR;
				CLANG_WARN_QUOTED_INCLUDE_IN_FRAMEWORK_HEADER = YES;
				CLANG_WARN_RANGE_LOOP_ANALYSIS = YES;
				CLANG_WARN_STRICT_PROTOTYPES = YES;
				CLANG_WARN_SUSPICIOUS_MOVE = YES;
				CLANG_WARN_UNGUARDED_AVAILABILITY = YES_AGGRESSIVE;
				CLANG_WARN_UNREACHABLE_CODE = YES;
				CLANG_WARN__DUPLICATE_METHOD_MATCH = YES;
				COPY_PHASE_STRIP = NO;
				DEBUG_INFORMATION_FORMAT = dwarf;
				ENABLE_STRICT_OBJC_MSGSEND = YES;
				ENABLE_TESTABILITY = YES;
				GCC_C_LANGUAGE_STANDARD = gnu11;
				GCC_DYNAMIC_NO_PIC = NO;
				GCC_NO_COMMON_BLOCKS = YES;
				GCC_OPTIMIZATION_LEVEL = 0;
				GCC_PREPROCESSOR_DEFINITIONS = (
					"DEBUG=1",
					"$(inherited)",
				);
				GCC_WARN_64_TO_32_BIT_CONVERSION = YES;
				GCC_WARN_ABOUT_RETURN_TYPE = YES_ERROR;
				GCC_WARN_UNDECLARED_SELECTOR = YES;
				GCC_WARN_UNINITIALIZED_AUTOS = YES_AGGRESSIVE;
				GCC_WARN_UNUSED_FUNCTION = YES;
				GCC_WARN_UNUSED_VARIABLE = YES;
				IPHONEOS_DEPLOYMENT_TARGET = 15.5;
				MTL_ENABLE_DEBUG_INFO = INCLUDE_SOURCE;
				MTL_FAST_MATH = YES;
				ONLY_ACTIVE_ARCH = YES;
				SDKROOT = iphoneos;
				SWIFT_ACTIVE_COMPILATION_CONDITIONS = DEBUG;
				SWIFT_OPTIMIZATION_LEVEL = "-Onone";
			};
			name = Debug;
		};
		7233FF05285B5DDF006BE5F1 /* Release */ = {
			isa = XCBuildConfiguration;
			buildSettings = {
				ALWAYS_SEARCH_USER_PATHS = NO;
				CLANG_ANALYZER_NONNULL = YES;
				CLANG_ANALYZER_NUMBER_OBJECT_CONVERSION = YES_AGGRESSIVE;
				CLANG_CXX_LANGUAGE_STANDARD = "gnu++17";
				CLANG_ENABLE_MODULES = YES;
				CLANG_ENABLE_OBJC_ARC = YES;
				CLANG_ENABLE_OBJC_WEAK = YES;
				CLANG_WARN_BLOCK_CAPTURE_AUTORELEASING = YES;
				CLANG_WARN_BOOL_CONVERSION = YES;
				CLANG_WARN_COMMA = YES;
				CLANG_WARN_CONSTANT_CONVERSION = YES;
				CLANG_WARN_DEPRECATED_OBJC_IMPLEMENTATIONS = YES;
				CLANG_WARN_DIRECT_OBJC_ISA_USAGE = YES_ERROR;
				CLANG_WARN_DOCUMENTATION_COMMENTS = YES;
				CLANG_WARN_EMPTY_BODY = YES;
				CLANG_WARN_ENUM_CONVERSION = YES;
				CLANG_WARN_INFINITE_RECURSION = YES;
				CLANG_WARN_INT_CONVERSION = YES;
				CLANG_WARN_NON_LITERAL_NULL_CONVERSION = YES;
				CLANG_WARN_OBJC_IMPLICIT_RETAIN_SELF = YES;
				CLANG_WARN_OBJC_LITERAL_CONVERSION = YES;
				CLANG_WARN_OBJC_ROOT_CLASS = YES_ERROR;
				CLANG_WARN_QUOTED_INCLUDE_IN_FRAMEWORK_HEADER = YES;
				CLANG_WARN_RANGE_LOOP_ANALYSIS = YES;
				CLANG_WARN_STRICT_PROTOTYPES = YES;
				CLANG_WARN_SUSPICIOUS_MOVE = YES;
				CLANG_WARN_UNGUARDED_AVAILABILITY = YES_AGGRESSIVE;
				CLANG_WARN_UNREACHABLE_CODE = YES;
				CLANG_WARN__DUPLICATE_METHOD_MATCH = YES;
				COPY_PHASE_STRIP = NO;
				DEBUG_INFORMATION_FORMAT = "dwarf-with-dsym";
				ENABLE_NS_ASSERTIONS = NO;
				ENABLE_STRICT_OBJC_MSGSEND = YES;
				GCC_C_LANGUAGE_STANDARD = gnu11;
				GCC_NO_COMMON_BLOCKS = YES;
				GCC_WARN_64_TO_32_BIT_CONVERSION = YES;
				GCC_WARN_ABOUT_RETURN_TYPE = YES_ERROR;
				GCC_WARN_UNDECLARED_SELECTOR = YES;
				GCC_WARN_UNINITIALIZED_AUTOS = YES_AGGRESSIVE;
				GCC_WARN_UNUSED_FUNCTION = YES;
				GCC_WARN_UNUSED_VARIABLE = YES;
				IPHONEOS_DEPLOYMENT_TARGET = 15.5;
				MTL_ENABLE_DEBUG_INFO = NO;
				MTL_FAST_MATH = YES;
				SDKROOT = iphoneos;
				SWIFT_COMPILATION_MODE = wholemodule;
				SWIFT_OPTIMIZATION_LEVEL = "-O";
				VALIDATE_PRODUCT = YES;
			};
			name = Release;
		};
		7233FF07285B5DDF006BE5F1 /* Debug */ = {
			isa = XCBuildConfiguration;
			buildSettings = {
				ASSETCATALOG_COMPILER_APPICON_NAME = AppIcon;
				ASSETCATALOG_COMPILER_GLOBAL_ACCENT_COLOR_NAME = AccentColor;
				CODE_SIGN_STYLE = Automatic;
				CURRENT_PROJECT_VERSION = 1;
				DEVELOPMENT_TEAM = 8682R2TV9L;
				GENERATE_INFOPLIST_FILE = YES;
				INFOPLIST_FILE = "Klat House/Info.plist";
				INFOPLIST_KEY_UIApplicationSupportsIndirectInputEvents = YES;
				INFOPLIST_KEY_UILaunchStoryboardName = LaunchScreen;
				INFOPLIST_KEY_UISupportedInterfaceOrientations_iPad = "UIInterfaceOrientationPortrait UIInterfaceOrientationPortraitUpsideDown UIInterfaceOrientationLandscapeLeft UIInterfaceOrientationLandscapeRight";
				INFOPLIST_KEY_UISupportedInterfaceOrientations_iPhone = "UIInterfaceOrientationPortrait UIInterfaceOrientationLandscapeLeft UIInterfaceOrientationLandscapeRight";
				LD_RUNPATH_SEARCH_PATHS = (
					"$(inherited)",
					"@executable_path/Frameworks",
				);
				MARKETING_VERSION = 1.0;
				PRODUCT_BUNDLE_IDENTIFIER = "ZainGlobal.Klat-House";
				PRODUCT_NAME = "$(TARGET_NAME)";
				SWIFT_EMIT_LOC_STRINGS = YES;
				SWIFT_VERSION = 5.0;
				TARGETED_DEVICE_FAMILY = "1,2";
			};
			name = Debug;
		};
		7233FF08285B5DDF006BE5F1 /* Release */ = {
			isa = XCBuildConfiguration;
			buildSettings = {
				ASSETCATALOG_COMPILER_APPICON_NAME = AppIcon;
				ASSETCATALOG_COMPILER_GLOBAL_ACCENT_COLOR_NAME = AccentColor;
				CODE_SIGN_STYLE = Automatic;
				CURRENT_PROJECT_VERSION = 1;
				DEVELOPMENT_TEAM = 8682R2TV9L;
				GENERATE_INFOPLIST_FILE = YES;
				INFOPLIST_FILE = "Klat House/Info.plist";
				INFOPLIST_KEY_UIApplicationSupportsIndirectInputEvents = YES;
				INFOPLIST_KEY_UILaunchStoryboardName = LaunchScreen;
				INFOPLIST_KEY_UISupportedInterfaceOrientations_iPad = "UIInterfaceOrientationPortrait UIInterfaceOrientationPortraitUpsideDown UIInterfaceOrientationLandscapeLeft UIInterfaceOrientationLandscapeRight";
				INFOPLIST_KEY_UISupportedInterfaceOrientations_iPhone = "UIInterfaceOrientationPortrait UIInterfaceOrientationLandscapeLeft UIInterfaceOrientationLandscapeRight";
				LD_RUNPATH_SEARCH_PATHS = (
					"$(inherited)",
					"@executable_path/Frameworks",
				);
				MARKETING_VERSION = 1.0;
				PRODUCT_BUNDLE_IDENTIFIER = "ZainGlobal.Klat-House";
				PRODUCT_NAME = "$(TARGET_NAME)";
				SWIFT_EMIT_LOC_STRINGS = YES;
				SWIFT_VERSION = 5.0;
				TARGETED_DEVICE_FAMILY = "1,2";
			};
			name = Release;
		};
/* End XCBuildConfiguration section */

/* Begin XCConfigurationList section */
		7233FEED285B5DDD006BE5F1 /* Build configuration list for PBXProject "Klat House" */ = {
			isa = XCConfigurationList;
			buildConfigurations = (
				7233FF04285B5DDF006BE5F1 /* Debug */,
				7233FF05285B5DDF006BE5F1 /* Release */,
			);
			defaultConfigurationIsVisible = 0;
			defaultConfigurationName = Release;
		};
		7233FF06285B5DDF006BE5F1 /* Build configuration list for PBXNativeTarget "Klat House" */ = {
			isa = XCConfigurationList;
			buildConfigurations = (
				7233FF07285B5DDF006BE5F1 /* Debug */,
				7233FF08285B5DDF006BE5F1 /* Release */,
			);
			defaultConfigurationIsVisible = 0;
			defaultConfigurationName = Release;
		};
/* End XCConfigurationList section */
	};
	rootObject = 7233FEEA285B5DDD006BE5F1 /* Project object */;
}
