// !$*UTF8*$!
{
	archiveVersion = 1;
	classes = {
	};
	objectVersion = 55;
	objects = {

/* Begin PBXBuildFile section */
		40E646263721A18420246146 /* Pods_reboot.framework in Frameworks */ = {isa = PBXBuildFile; fileRef = 357EC98A1D6DC208AF493018 /* Pods_reboot.framework */; };
		7269CAC527E959AE002051EA /* AppDelegate.swift in Sources */ = {isa = PBXBuildFile; fileRef = 7269CAC427E959AE002051EA /* AppDelegate.swift */; };
		7269CAC727E959AE002051EA /* SceneDelegate.swift in Sources */ = {isa = PBXBuildFile; fileRef = 7269CAC627E959AE002051EA /* SceneDelegate.swift */; };
		7269CAC927E959AE002051EA /* LoginViewController.swift in Sources */ = {isa = PBXBuildFile; fileRef = 7269CAC827E959AE002051EA /* LoginViewController.swift */; };
		7269CACC27E959AE002051EA /* Main.storyboard in Resources */ = {isa = PBXBuildFile; fileRef = 7269CACA27E959AE002051EA /* Main.storyboard */; };
		7269CACE27E959B1002051EA /* Assets.xcassets in Resources */ = {isa = PBXBuildFile; fileRef = 7269CACD27E959B1002051EA /* Assets.xcassets */; };
		7269CAD127E959B1002051EA /* LaunchScreen.storyboard in Resources */ = {isa = PBXBuildFile; fileRef = 7269CACF27E959B1002051EA /* LaunchScreen.storyboard */; };
		7269CADA27E96704002051EA /* gaonashi.json in Resources */ = {isa = PBXBuildFile; fileRef = 7269CAD927E96704002051EA /* gaonashi.json */; };
		729AB36127EA6CA1003AA796 /* MainViewController.swift in Sources */ = {isa = PBXBuildFile; fileRef = 729AB36027EA6CA1003AA796 /* MainViewController.swift */; };
		72E4286027E978D10065C0BF /* RegisterViewController.swift in Sources */ = {isa = PBXBuildFile; fileRef = 72E4285F27E978D10065C0BF /* RegisterViewController.swift */; };
/* End PBXBuildFile section */

/* Begin PBXFileReference section */
		357EC98A1D6DC208AF493018 /* Pods_reboot.framework */ = {isa = PBXFileReference; explicitFileType = wrapper.framework; includeInIndex = 0; path = Pods_reboot.framework; sourceTree = BUILT_PRODUCTS_DIR; };
		7269CAC127E959AE002051EA /* reboot.app */ = {isa = PBXFileReference; explicitFileType = wrapper.application; includeInIndex = 0; path = reboot.app; sourceTree = BUILT_PRODUCTS_DIR; };
		7269CAC427E959AE002051EA /* AppDelegate.swift */ = {isa = PBXFileReference; lastKnownFileType = sourcecode.swift; path = AppDelegate.swift; sourceTree = "<group>"; };
		7269CAC627E959AE002051EA /* SceneDelegate.swift */ = {isa = PBXFileReference; lastKnownFileType = sourcecode.swift; path = SceneDelegate.swift; sourceTree = "<group>"; };
		7269CAC827E959AE002051EA /* LoginViewController.swift */ = {isa = PBXFileReference; lastKnownFileType = sourcecode.swift; path = LoginViewController.swift; sourceTree = "<group>"; };
		7269CACB27E959AE002051EA /* Base */ = {isa = PBXFileReference; lastKnownFileType = file.storyboard; name = Base; path = Base.lproj/Main.storyboard; sourceTree = "<group>"; };
		7269CACD27E959B1002051EA /* Assets.xcassets */ = {isa = PBXFileReference; lastKnownFileType = folder.assetcatalog; path = Assets.xcassets; sourceTree = "<group>"; };
		7269CAD027E959B1002051EA /* Base */ = {isa = PBXFileReference; lastKnownFileType = file.storyboard; name = Base; path = Base.lproj/LaunchScreen.storyboard; sourceTree = "<group>"; };
		7269CAD227E959B1002051EA /* Info.plist */ = {isa = PBXFileReference; lastKnownFileType = text.plist.xml; path = Info.plist; sourceTree = "<group>"; };
		7269CAD927E96704002051EA /* gaonashi.json */ = {isa = PBXFileReference; fileEncoding = 4; lastKnownFileType = text.json; name = gaonashi.json; path = ../../../../../../Downloads/gaonashi.json; sourceTree = "<group>"; };
		729AB36027EA6CA1003AA796 /* MainViewController.swift */ = {isa = PBXFileReference; lastKnownFileType = sourcecode.swift; path = MainViewController.swift; sourceTree = "<group>"; };
		72E4285F27E978D10065C0BF /* RegisterViewController.swift */ = {isa = PBXFileReference; lastKnownFileType = sourcecode.swift; path = RegisterViewController.swift; sourceTree = "<group>"; };
		81E8A2D8BBA5FC38D8912A7A /* Pods-reboot.debug.xcconfig */ = {isa = PBXFileReference; includeInIndex = 1; lastKnownFileType = text.xcconfig; name = "Pods-reboot.debug.xcconfig"; path = "Target Support Files/Pods-reboot/Pods-reboot.debug.xcconfig"; sourceTree = "<group>"; };
		E8229273D616823AD6108833 /* Pods-reboot.release.xcconfig */ = {isa = PBXFileReference; includeInIndex = 1; lastKnownFileType = text.xcconfig; name = "Pods-reboot.release.xcconfig"; path = "Target Support Files/Pods-reboot/Pods-reboot.release.xcconfig"; sourceTree = "<group>"; };
/* End PBXFileReference section */

/* Begin PBXFrameworksBuildPhase section */
		7269CABE27E959AE002051EA /* Frameworks */ = {
			isa = PBXFrameworksBuildPhase;
			buildActionMask = 2147483647;
			files = (
				40E646263721A18420246146 /* Pods_reboot.framework in Frameworks */,
			);
			runOnlyForDeploymentPostprocessing = 0;
		};
/* End PBXFrameworksBuildPhase section */

/* Begin PBXGroup section */
		647B2E66E75483D7D232B36F /* Frameworks */ = {
			isa = PBXGroup;
			children = (
				357EC98A1D6DC208AF493018 /* Pods_reboot.framework */,
			);
			name = Frameworks;
			sourceTree = "<group>";
		};
		7269CAB827E959AE002051EA = {
			isa = PBXGroup;
			children = (
				7269CAC327E959AE002051EA /* reboot */,
				7269CAC227E959AE002051EA /* Products */,
				EFD5258429645E032E4DA75C /* Pods */,
				647B2E66E75483D7D232B36F /* Frameworks */,
			);
			sourceTree = "<group>";
		};
		7269CAC227E959AE002051EA /* Products */ = {
			isa = PBXGroup;
			children = (
				7269CAC127E959AE002051EA /* reboot.app */,
			);
			name = Products;
			sourceTree = "<group>";
		};
		7269CAC327E959AE002051EA /* reboot */ = {
			isa = PBXGroup;
			children = (
				7269CAD927E96704002051EA /* gaonashi.json */,
				7269CAD827E95C52002051EA /* ViewControllers */,
				7269CAC427E959AE002051EA /* AppDelegate.swift */,
				7269CAC627E959AE002051EA /* SceneDelegate.swift */,
				7269CACA27E959AE002051EA /* Main.storyboard */,
				7269CACD27E959B1002051EA /* Assets.xcassets */,
				7269CACF27E959B1002051EA /* LaunchScreen.storyboard */,
				7269CAD227E959B1002051EA /* Info.plist */,
			);
			path = reboot;
			sourceTree = "<group>";
		};
		7269CAD827E95C52002051EA /* ViewControllers */ = {
			isa = PBXGroup;
			children = (
				7269CAC827E959AE002051EA /* LoginViewController.swift */,
				72E4285F27E978D10065C0BF /* RegisterViewController.swift */,
				729AB36027EA6CA1003AA796 /* MainViewController.swift */,
			);
			path = ViewControllers;
			sourceTree = "<group>";
		};
		EFD5258429645E032E4DA75C /* Pods */ = {
			isa = PBXGroup;
			children = (
				81E8A2D8BBA5FC38D8912A7A /* Pods-reboot.debug.xcconfig */,
				E8229273D616823AD6108833 /* Pods-reboot.release.xcconfig */,
			);
			path = Pods;
			sourceTree = "<group>";
		};
/* End PBXGroup section */

/* Begin PBXNativeTarget section */
		7269CAC027E959AE002051EA /* reboot */ = {
			isa = PBXNativeTarget;
			buildConfigurationList = 7269CAD527E959B1002051EA /* Build configuration list for PBXNativeTarget "reboot" */;
			buildPhases = (
				BC6E543BD86BEC116FD04F17 /* [CP] Check Pods Manifest.lock */,
				7269CABD27E959AE002051EA /* Sources */,
				7269CABE27E959AE002051EA /* Frameworks */,
				7269CABF27E959AE002051EA /* Resources */,
				34EC4AF5AFB0B509B0DAEEAB /* [CP] Embed Pods Frameworks */,
			);
			buildRules = (
			);
			dependencies = (
			);
			name = reboot;
			productName = reboot;
			productReference = 7269CAC127E959AE002051EA /* reboot.app */;
			productType = "com.apple.product-type.application";
		};
/* End PBXNativeTarget section */

/* Begin PBXProject section */
		7269CAB927E959AE002051EA /* Project object */ = {
			isa = PBXProject;
			attributes = {
				BuildIndependentTargetsInParallel = 1;
				LastSwiftUpdateCheck = 1330;
				LastUpgradeCheck = 1330;
				TargetAttributes = {
					7269CAC027E959AE002051EA = {
						CreatedOnToolsVersion = 13.3;
					};
				};
			};
			buildConfigurationList = 7269CABC27E959AE002051EA /* Build configuration list for PBXProject "reboot" */;
			compatibilityVersion = "Xcode 13.0";
			developmentRegion = en;
			hasScannedForEncodings = 0;
			knownRegions = (
				en,
				Base,
			);
			mainGroup = 7269CAB827E959AE002051EA;
			productRefGroup = 7269CAC227E959AE002051EA /* Products */;
			projectDirPath = "";
			projectRoot = "";
			targets = (
				7269CAC027E959AE002051EA /* reboot */,
			);
		};
/* End PBXProject section */

/* Begin PBXResourcesBuildPhase section */
		7269CABF27E959AE002051EA /* Resources */ = {
			isa = PBXResourcesBuildPhase;
			buildActionMask = 2147483647;
			files = (
				7269CADA27E96704002051EA /* gaonashi.json in Resources */,
				7269CAD127E959B1002051EA /* LaunchScreen.storyboard in Resources */,
				7269CACE27E959B1002051EA /* Assets.xcassets in Resources */,
				7269CACC27E959AE002051EA /* Main.storyboard in Resources */,
			);
			runOnlyForDeploymentPostprocessing = 0;
		};
/* End PBXResourcesBuildPhase section */

/* Begin PBXShellScriptBuildPhase section */
		34EC4AF5AFB0B509B0DAEEAB /* [CP] Embed Pods Frameworks */ = {
			isa = PBXShellScriptBuildPhase;
			buildActionMask = 2147483647;
			files = (
			);
			inputFileListPaths = (
				"${PODS_ROOT}/Target Support Files/Pods-reboot/Pods-reboot-frameworks-${CONFIGURATION}-input-files.xcfilelist",
			);
			name = "[CP] Embed Pods Frameworks";
			outputFileListPaths = (
				"${PODS_ROOT}/Target Support Files/Pods-reboot/Pods-reboot-frameworks-${CONFIGURATION}-output-files.xcfilelist",
			);
			runOnlyForDeploymentPostprocessing = 0;
			shellPath = /bin/sh;
			shellScript = "\"${PODS_ROOT}/Target Support Files/Pods-reboot/Pods-reboot-frameworks.sh\"\n";
			showEnvVarsInLog = 0;
		};
		BC6E543BD86BEC116FD04F17 /* [CP] Check Pods Manifest.lock */ = {
			isa = PBXShellScriptBuildPhase;
			buildActionMask = 2147483647;
			files = (
			);
			inputFileListPaths = (
			);
			inputPaths = (
				"${PODS_PODFILE_DIR_PATH}/Podfile.lock",
				"${PODS_ROOT}/Manifest.lock",
			);
			name = "[CP] Check Pods Manifest.lock";
			outputFileListPaths = (
			);
			outputPaths = (
				"$(DERIVED_FILE_DIR)/Pods-reboot-checkManifestLockResult.txt",
			);
			runOnlyForDeploymentPostprocessing = 0;
			shellPath = /bin/sh;
			shellScript = "diff \"${PODS_PODFILE_DIR_PATH}/Podfile.lock\" \"${PODS_ROOT}/Manifest.lock\" > /dev/null\nif [ $? != 0 ] ; then\n    # print error to STDERR\n    echo \"error: The sandbox is not in sync with the Podfile.lock. Run 'pod install' or update your CocoaPods installation.\" >&2\n    exit 1\nfi\n# This output is used by Xcode 'outputs' to avoid re-running this script phase.\necho \"SUCCESS\" > \"${SCRIPT_OUTPUT_FILE_0}\"\n";
			showEnvVarsInLog = 0;
		};
/* End PBXShellScriptBuildPhase section */

/* Begin PBXSourcesBuildPhase section */
		7269CABD27E959AE002051EA /* Sources */ = {
			isa = PBXSourcesBuildPhase;
			buildActionMask = 2147483647;
			files = (
				7269CAC927E959AE002051EA /* LoginViewController.swift in Sources */,
				7269CAC527E959AE002051EA /* AppDelegate.swift in Sources */,
				7269CAC727E959AE002051EA /* SceneDelegate.swift in Sources */,
				72E4286027E978D10065C0BF /* RegisterViewController.swift in Sources */,
				729AB36127EA6CA1003AA796 /* MainViewController.swift in Sources */,
			);
			runOnlyForDeploymentPostprocessing = 0;
		};
/* End PBXSourcesBuildPhase section */

/* Begin PBXVariantGroup section */
		7269CACA27E959AE002051EA /* Main.storyboard */ = {
			isa = PBXVariantGroup;
			children = (
				7269CACB27E959AE002051EA /* Base */,
			);
			name = Main.storyboard;
			sourceTree = "<group>";
		};
		7269CACF27E959B1002051EA /* LaunchScreen.storyboard */ = {
			isa = PBXVariantGroup;
			children = (
				7269CAD027E959B1002051EA /* Base */,
			);
			name = LaunchScreen.storyboard;
			sourceTree = "<group>";
		};
/* End PBXVariantGroup section */

/* Begin XCBuildConfiguration section */
		7269CAD327E959B1002051EA /* Debug */ = {
			isa = XCBuildConfiguration;
			buildSettings = {
				ALWAYS_SEARCH_USER_PATHS = NO;
				CLANG_ANALYZER_NONNULL = YES;
				CLANG_ANALYZER_NUMBER_OBJECT_CONVERSION = YES_AGGRESSIVE;
				CLANG_CXX_LANGUAGE_STANDARD = "gnu++17";
				CLANG_ENABLE_MODULES = YES;
				CLANG_ENABLE_OBJC_ARC = YES;
				CLANG_ENABLE_OBJC_WEAK = YES;
				CLANG_WARN_BLOCK_CAPTURE_AUTORELEASING = YES;
				CLANG_WARN_BOOL_CONVERSION = YES;
				CLANG_WARN_COMMA = YES;
				CLANG_WARN_CONSTANT_CONVERSION = YES;
				CLANG_WARN_DEPRECATED_OBJC_IMPLEMENTATIONS = YES;
				CLANG_WARN_DIRECT_OBJC_ISA_USAGE = YES_ERROR;
				CLANG_WARN_DOCUMENTATION_COMMENTS = YES;
				CLANG_WARN_EMPTY_BODY = YES;
				CLANG_WARN_ENUM_CONVERSION = YES;
				CLANG_WARN_INFINITE_RECURSION = YES;
				CLANG_WARN_INT_CONVERSION = YES;
				CLANG_WARN_NON_LITERAL_NULL_CONVERSION = YES;
				CLANG_WARN_OBJC_IMPLICIT_RETAIN_SELF = YES;
				CLANG_WARN_OBJC_LITERAL_CONVERSION = YES;
				CLANG_WARN_OBJC_ROOT_CLASS = YES_ERROR;
				CLANG_WARN_QUOTED_INCLUDE_IN_FRAMEWORK_HEADER = YES;
				CLANG_WARN_RANGE_LOOP_ANALYSIS = YES;
				CLANG_WARN_STRICT_PROTOTYPES = YES;
				CLANG_WARN_SUSPICIOUS_MOVE = YES;
				CLANG_WARN_UNGUARDED_AVAILABILITY = YES_AGGRESSIVE;
				CLANG_WARN_UNREACHABLE_CODE = YES;
				CLANG_WARN__DUPLICATE_METHOD_MATCH = YES;
				COPY_PHASE_STRIP = NO;
				DEBUG_INFORMATION_FORMAT = dwarf;
				ENABLE_STRICT_OBJC_MSGSEND = YES;
				ENABLE_TESTABILITY = YES;
				GCC_C_LANGUAGE_STANDARD = gnu11;
				GCC_DYNAMIC_NO_PIC = NO;
				GCC_NO_COMMON_BLOCKS = YES;
				GCC_OPTIMIZATION_LEVEL = 0;
				GCC_PREPROCESSOR_DEFINITIONS = (
					"DEBUG=1",
					"$(inherited)",
				);
				GCC_WARN_64_TO_32_BIT_CONVERSION = YES;
				GCC_WARN_ABOUT_RETURN_TYPE = YES_ERROR;
				GCC_WARN_UNDECLARED_SELECTOR = YES;
				GCC_WARN_UNINITIALIZED_AUTOS = YES_AGGRESSIVE;
				GCC_WARN_UNUSED_FUNCTION = YES;
				GCC_WARN_UNUSED_VARIABLE = YES;
				IPHONEOS_DEPLOYMENT_TARGET = 15.4;
				MTL_ENABLE_DEBUG_INFO = INCLUDE_SOURCE;
				MTL_FAST_MATH = YES;
				ONLY_ACTIVE_ARCH = YES;
				SDKROOT = iphoneos;
				SWIFT_ACTIVE_COMPILATION_CONDITIONS = DEBUG;
				SWIFT_OPTIMIZATION_LEVEL = "-Onone";
			};
			name = Debug;
		};
		7269CAD427E959B1002051EA /* Release */ = {
			isa = XCBuildConfiguration;
			buildSettings = {
				ALWAYS_SEARCH_USER_PATHS = NO;
				CLANG_ANALYZER_NONNULL = YES;
				CLANG_ANALYZER_NUMBER_OBJECT_CONVERSION = YES_AGGRESSIVE;
				CLANG_CXX_LANGUAGE_STANDARD = "gnu++17";
				CLANG_ENABLE_MODULES = YES;
				CLANG_ENABLE_OBJC_ARC = YES;
				CLANG_ENABLE_OBJC_WEAK = YES;
				CLANG_WARN_BLOCK_CAPTURE_AUTORELEASING = YES;
				CLANG_WARN_BOOL_CONVERSION = YES;
				CLANG_WARN_COMMA = YES;
				CLANG_WARN_CONSTANT_CONVERSION = YES;
				CLANG_WARN_DEPRECATED_OBJC_IMPLEMENTATIONS = YES;
				CLANG_WARN_DIRECT_OBJC_ISA_USAGE = YES_ERROR;
				CLANG_WARN_DOCUMENTATION_COMMENTS = YES;
				CLANG_WARN_EMPTY_BODY = YES;
				CLANG_WARN_ENUM_CONVERSION = YES;
				CLANG_WARN_INFINITE_RECURSION = YES;
				CLANG_WARN_INT_CONVERSION = YES;
				CLANG_WARN_NON_LITERAL_NULL_CONVERSION = YES;
				CLANG_WARN_OBJC_IMPLICIT_RETAIN_SELF = YES;
				CLANG_WARN_OBJC_LITERAL_CONVERSION = YES;
				CLANG_WARN_OBJC_ROOT_CLASS = YES_ERROR;
				CLANG_WARN_QUOTED_INCLUDE_IN_FRAMEWORK_HEADER = YES;
				CLANG_WARN_RANGE_LOOP_ANALYSIS = YES;
				CLANG_WARN_STRICT_PROTOTYPES = YES;
				CLANG_WARN_SUSPICIOUS_MOVE = YES;
				CLANG_WARN_UNGUARDED_AVAILABILITY = YES_AGGRESSIVE;
				CLANG_WARN_UNREACHABLE_CODE = YES;
				CLANG_WARN__DUPLICATE_METHOD_MATCH = YES;
				COPY_PHASE_STRIP = NO;
				DEBUG_INFORMATION_FORMAT = "dwarf-with-dsym";
				ENABLE_NS_ASSERTIONS = NO;
				ENABLE_STRICT_OBJC_MSGSEND = YES;
				GCC_C_LANGUAGE_STANDARD = gnu11;
				GCC_NO_COMMON_BLOCKS = YES;
				GCC_WARN_64_TO_32_BIT_CONVERSION = YES;
				GCC_WARN_ABOUT_RETURN_TYPE = YES_ERROR;
				GCC_WARN_UNDECLARED_SELECTOR = YES;
				GCC_WARN_UNINITIALIZED_AUTOS = YES_AGGRESSIVE;
				GCC_WARN_UNUSED_FUNCTION = YES;
				GCC_WARN_UNUSED_VARIABLE = YES;
				IPHONEOS_DEPLOYMENT_TARGET = 15.4;
				MTL_ENABLE_DEBUG_INFO = NO;
				MTL_FAST_MATH = YES;
				SDKROOT = iphoneos;
				SWIFT_COMPILATION_MODE = wholemodule;
				SWIFT_OPTIMIZATION_LEVEL = "-O";
				VALIDATE_PRODUCT = YES;
			};
			name = Release;
		};
		7269CAD627E959B1002051EA /* Debug */ = {
			isa = XCBuildConfiguration;
			baseConfigurationReference = 81E8A2D8BBA5FC38D8912A7A /* Pods-reboot.debug.xcconfig */;
			buildSettings = {
				ASSETCATALOG_COMPILER_APPICON_NAME = AppIcon;
				ASSETCATALOG_COMPILER_GLOBAL_ACCENT_COLOR_NAME = AccentColor;
				CODE_SIGN_STYLE = Automatic;
				CURRENT_PROJECT_VERSION = 1;
				DEVELOPMENT_TEAM = 8682R2TV9L;
				GENERATE_INFOPLIST_FILE = YES;
				INFOPLIST_FILE = reboot/Info.plist;
				INFOPLIST_KEY_UIApplicationSupportsIndirectInputEvents = YES;
				INFOPLIST_KEY_UILaunchStoryboardName = LaunchScreen;
				INFOPLIST_KEY_UIMainStoryboardFile = Main;
				INFOPLIST_KEY_UISupportedInterfaceOrientations_iPad = "UIInterfaceOrientationPortrait UIInterfaceOrientationPortraitUpsideDown UIInterfaceOrientationLandscapeLeft UIInterfaceOrientationLandscapeRight";
				INFOPLIST_KEY_UISupportedInterfaceOrientations_iPhone = "UIInterfaceOrientationPortrait UIInterfaceOrientationLandscapeLeft UIInterfaceOrientationLandscapeRight";
				LD_RUNPATH_SEARCH_PATHS = (
					"$(inherited)",
					"@executable_path/Frameworks",
				);
				MARKETING_VERSION = 1.0;
				PRODUCT_BUNDLE_IDENTIFIER = ZainGlobal.reboot;
				PRODUCT_NAME = "$(TARGET_NAME)";
				SWIFT_EMIT_LOC_STRINGS = YES;
				SWIFT_VERSION = 5.0;
				TARGETED_DEVICE_FAMILY = "1,2";
			};
			name = Debug;
		};
		7269CAD727E959B1002051EA /* Release */ = {
			isa = XCBuildConfiguration;
			baseConfigurationReference = E8229273D616823AD6108833 /* Pods-reboot.release.xcconfig */;
			buildSettings = {
				ASSETCATALOG_COMPILER_APPICON_NAME = AppIcon;
				ASSETCATALOG_COMPILER_GLOBAL_ACCENT_COLOR_NAME = AccentColor;
				CODE_SIGN_STYLE = Automatic;
				CURRENT_PROJECT_VERSION = 1;
				DEVELOPMENT_TEAM = 8682R2TV9L;
				GENERATE_INFOPLIST_FILE = YES;
				INFOPLIST_FILE = reboot/Info.plist;
				INFOPLIST_KEY_UIApplicationSupportsIndirectInputEvents = YES;
				INFOPLIST_KEY_UILaunchStoryboardName = LaunchScreen;
				INFOPLIST_KEY_UIMainStoryboardFile = Main;
				INFOPLIST_KEY_UISupportedInterfaceOrientations_iPad = "UIInterfaceOrientationPortrait UIInterfaceOrientationPortraitUpsideDown UIInterfaceOrientationLandscapeLeft UIInterfaceOrientationLandscapeRight";
				INFOPLIST_KEY_UISupportedInterfaceOrientations_iPhone = "UIInterfaceOrientationPortrait UIInterfaceOrientationLandscapeLeft UIInterfaceOrientationLandscapeRight";
				LD_RUNPATH_SEARCH_PATHS = (
					"$(inherited)",
					"@executable_path/Frameworks",
				);
				MARKETING_VERSION = 1.0;
				PRODUCT_BUNDLE_IDENTIFIER = ZainGlobal.reboot;
				PRODUCT_NAME = "$(TARGET_NAME)";
				SWIFT_EMIT_LOC_STRINGS = YES;
				SWIFT_VERSION = 5.0;
				TARGETED_DEVICE_FAMILY = "1,2";
			};
			name = Release;
		};
/* End XCBuildConfiguration section */

/* Begin XCConfigurationList section */
		7269CABC27E959AE002051EA /* Build configuration list for PBXProject "reboot" */ = {
			isa = XCConfigurationList;
			buildConfigurations = (
				7269CAD327E959B1002051EA /* Debug */,
				7269CAD427E959B1002051EA /* Release */,
			);
			defaultConfigurationIsVisible = 0;
			defaultConfigurationName = Release;
		};
		7269CAD527E959B1002051EA /* Build configuration list for PBXNativeTarget "reboot" */ = {
			isa = XCConfigurationList;
			buildConfigurations = (
				7269CAD627E959B1002051EA /* Debug */,
				7269CAD727E959B1002051EA /* Release */,
			);
			defaultConfigurationIsVisible = 0;
			defaultConfigurationName = Release;
		};
/* End XCConfigurationList section */
	};
	rootObject = 7269CAB927E959AE002051EA /* Project object */;
}
